
Microsoft Visual Studio Solution File, Format Version 12.00
# Visual Studio Version 16
VisualStudioVersion = 16.0.31605.320
MinimumVisualStudioVersion = 10.0.40219.1
Project("{FAE04EC0-301F-11D3-BF4B-00C04F79EFBC}") = "CollisionsSimulation", "CollisionsSimulation.csproj", "{079208F2-FBC8-40FF-8F10-79A3518C0F44}"
EndProject
Global
	GlobalSection(SolutionConfigurationPlatforms) = preSolution
		Debug|Any CPU = Debug|Any CPU
		Release|Any CPU = Release|Any CPU
	EndGlobalSection
	GlobalSection(ProjectConfigurationPlatforms) = postSolution
		{079208F2-FBC8-40FF-8F10-79A3518C0F44}.Debug|Any CPU.ActiveCfg = Debug|Any CPU
		{079208F2-FBC8-40FF-8F10-79A3518C0F44}.Debug|Any CPU.Build.0 = Debug|Any CPU
		{079208F2-FBC8-40FF-8F10-79A3518C0F44}.Release|Any CPU.ActiveCfg = Release|Any CPU
		{079208F2-FBC8-40FF-8F10-79A3518C0F44}.Release|Any CPU.Build.0 = Release|Any CPU
	EndGlobalSection
	GlobalSection(SolutionProperties) = preSolution
		HideSolutionNode = FALSE
	EndGlobalSection
	GlobalSection(ExtensibilityGlobals) = postSolution
		SolutionGuid = {05409C15-9C8B-4541-967E-1901063BC230}
	EndGlobalSection
EndGlobal
